// !$*UTF8*$!
{
	archiveVersion = 1;
	classes = {
	};
	objectVersion = 50;
	objects = {

/* Begin PBXBuildFile section */
		57FF5F9D8A8818E39D72480B /* Pods_parqueape_mobile.framework in Frameworks */ = {isa = PBXBuildFile; fileRef = FADD8ADBDBF41E1C88691F5D /* Pods_parqueape_mobile.framework */; };
		F563A45420A61C0B0034C03F /* MapKit.framework in Frameworks */ = {isa = PBXBuildFile; fileRef = F563A45320A61C0B0034C03F /* MapKit.framework */; };
		F563A45620A61E280034C03F /* PinAnnotation.swift in Sources */ = {isa = PBXBuildFile; fileRef = F563A45520A61E280034C03F /* PinAnnotation.swift */; };
		F56CF91920A74C3100B6DFC2 /* CollectionViewCell.swift in Sources */ = {isa = PBXBuildFile; fileRef = F56CF91820A74C3100B6DFC2 /* CollectionViewCell.swift */; };
		F581B78120AE045A0018CCB2 /* LoginViewController.swift in Sources */ = {isa = PBXBuildFile; fileRef = F581B78020AE045A0018CCB2 /* LoginViewController.swift */; };
		F581B78320AE05300018CCB2 /* PodFile in Resources */ = {isa = PBXBuildFile; fileRef = F581B78220AE05300018CCB2 /* PodFile */; };
		F59BECB620A7366600C4F006 /* ListParkingViewController.swift in Sources */ = {isa = PBXBuildFile; fileRef = F59BECB520A7366600C4F006 /* ListParkingViewController.swift */; };
		F59BECBA20A7376E00C4F006 /* ParkingTableViewCell.swift in Sources */ = {isa = PBXBuildFile; fileRef = F59BECB920A7376E00C4F006 /* ParkingTableViewCell.swift */; };
		F5FB829120A6100200606ECE /* AppDelegate.swift in Sources */ = {isa = PBXBuildFile; fileRef = F5FB829020A6100200606ECE /* AppDelegate.swift */; };
		F5FB829320A6100200606ECE /* ViewController.swift in Sources */ = {isa = PBXBuildFile; fileRef = F5FB829220A6100200606ECE /* ViewController.swift */; };
		F5FB829620A6100200606ECE /* Main.storyboard in Resources */ = {isa = PBXBuildFile; fileRef = F5FB829420A6100200606ECE /* Main.storyboard */; };
		F5FB829820A6100200606ECE /* Assets.xcassets in Resources */ = {isa = PBXBuildFile; fileRef = F5FB829720A6100200606ECE /* Assets.xcassets */; };
		F5FB829B20A6100300606ECE /* LaunchScreen.storyboard in Resources */ = {isa = PBXBuildFile; fileRef = F5FB829920A6100300606ECE /* LaunchScreen.storyboard */; };
		F5FB82A620A6100300606ECE /* parqueape_mobileTests.swift in Sources */ = {isa = PBXBuildFile; fileRef = F5FB82A520A6100300606ECE /* parqueape_mobileTests.swift */; };
		F5FB82B120A6100300606ECE /* parqueape_mobileUITests.swift in Sources */ = {isa = PBXBuildFile; fileRef = F5FB82B020A6100300606ECE /* parqueape_mobileUITests.swift */; };
/* End PBXBuildFile section */

/* Begin PBXContainerItemProxy section */
		F5FB82A220A6100300606ECE /* PBXContainerItemProxy */ = {
			isa = PBXContainerItemProxy;
			containerPortal = F5FB828520A6100200606ECE /* Project object */;
			proxyType = 1;
			remoteGlobalIDString = F5FB828C20A6100200606ECE;
			remoteInfo = "parqueape-mobile";
		};
		F5FB82AD20A6100300606ECE /* PBXContainerItemProxy */ = {
			isa = PBXContainerItemProxy;
			containerPortal = F5FB828520A6100200606ECE /* Project object */;
			proxyType = 1;
			remoteGlobalIDString = F5FB828C20A6100200606ECE;
			remoteInfo = "parqueape-mobile";
		};
/* End PBXContainerItemProxy section */

/* Begin PBXFileReference section */
		8065F5A38A1DEA6D3F9F2FDB /* Pods-parqueape-mobile.debug.xcconfig */ = {isa = PBXFileReference; includeInIndex = 1; lastKnownFileType = text.xcconfig; name = "Pods-parqueape-mobile.debug.xcconfig"; path = "Pods/Target Support Files/Pods-parqueape-mobile/Pods-parqueape-mobile.debug.xcconfig"; sourceTree = "<group>"; };
		932C6545737E5CC2D5499223 /* Pods-parqueape-mobile.release.xcconfig */ = {isa = PBXFileReference; includeInIndex = 1; lastKnownFileType = text.xcconfig; name = "Pods-parqueape-mobile.release.xcconfig"; path = "Pods/Target Support Files/Pods-parqueape-mobile/Pods-parqueape-mobile.release.xcconfig"; sourceTree = "<group>"; };
		F563A45320A61C0B0034C03F /* MapKit.framework */ = {isa = PBXFileReference; lastKnownFileType = wrapper.framework; name = MapKit.framework; path = System/Library/Frameworks/MapKit.framework; sourceTree = SDKROOT; };
		F563A45520A61E280034C03F /* PinAnnotation.swift */ = {isa = PBXFileReference; lastKnownFileType = sourcecode.swift; path = PinAnnotation.swift; sourceTree = "<group>"; };
		F56CF91820A74C3100B6DFC2 /* CollectionViewCell.swift */ = {isa = PBXFileReference; lastKnownFileType = sourcecode.swift; path = CollectionViewCell.swift; sourceTree = "<group>"; };
		F581B78020AE045A0018CCB2 /* LoginViewController.swift */ = {isa = PBXFileReference; lastKnownFileType = sourcecode.swift; path = LoginViewController.swift; sourceTree = "<group>"; };
		F581B78220AE05300018CCB2 /* PodFile */ = {isa = PBXFileReference; lastKnownFileType = text; path = PodFile; sourceTree = "<group>"; };
		F59BECB520A7366600C4F006 /* ListParkingViewController.swift */ = {isa = PBXFileReference; lastKnownFileType = sourcecode.swift; path = ListParkingViewController.swift; sourceTree = "<group>"; };
		F59BECB920A7376E00C4F006 /* ParkingTableViewCell.swift */ = {isa = PBXFileReference; lastKnownFileType = sourcecode.swift; path = ParkingTableViewCell.swift; sourceTree = "<group>"; };
		F5FB828D20A6100200606ECE /* parqueape-mobile.app */ = {isa = PBXFileReference; explicitFileType = wrapper.application; includeInIndex = 0; path = "parqueape-mobile.app"; sourceTree = BUILT_PRODUCTS_DIR; };
		F5FB829020A6100200606ECE /* AppDelegate.swift */ = {isa = PBXFileReference; lastKnownFileType = sourcecode.swift; path = AppDelegate.swift; sourceTree = "<group>"; };
		F5FB829220A6100200606ECE /* ViewController.swift */ = {isa = PBXFileReference; lastKnownFileType = sourcecode.swift; path = ViewController.swift; sourceTree = "<group>"; };
		F5FB829520A6100200606ECE /* Base */ = {isa = PBXFileReference; lastKnownFileType = file.storyboard; name = Base; path = Base.lproj/Main.storyboard; sourceTree = "<group>"; };
		F5FB829720A6100200606ECE /* Assets.xcassets */ = {isa = PBXFileReference; lastKnownFileType = folder.assetcatalog; path = Assets.xcassets; sourceTree = "<group>"; };
		F5FB829A20A6100300606ECE /* Base */ = {isa = PBXFileReference; lastKnownFileType = file.storyboard; name = Base; path = Base.lproj/LaunchScreen.storyboard; sourceTree = "<group>"; };
		F5FB829C20A6100300606ECE /* Info.plist */ = {isa = PBXFileReference; lastKnownFileType = text.plist.xml; path = Info.plist; sourceTree = "<group>"; };
		F5FB82A120A6100300606ECE /* parqueape-mobileTests.xctest */ = {isa = PBXFileReference; explicitFileType = wrapper.cfbundle; includeInIndex = 0; path = "parqueape-mobileTests.xctest"; sourceTree = BUILT_PRODUCTS_DIR; };
		F5FB82A520A6100300606ECE /* parqueape_mobileTests.swift */ = {isa = PBXFileReference; lastKnownFileType = sourcecode.swift; path = parqueape_mobileTests.swift; sourceTree = "<group>"; };
		F5FB82A720A6100300606ECE /* Info.plist */ = {isa = PBXFileReference; lastKnownFileType = text.plist.xml; path = Info.plist; sourceTree = "<group>"; };
		F5FB82AC20A6100300606ECE /* parqueape-mobileUITests.xctest */ = {isa = PBXFileReference; explicitFileType = wrapper.cfbundle; includeInIndex = 0; path = "parqueape-mobileUITests.xctest"; sourceTree = BUILT_PRODUCTS_DIR; };
		F5FB82B020A6100300606ECE /* parqueape_mobileUITests.swift */ = {isa = PBXFileReference; lastKnownFileType = sourcecode.swift; path = parqueape_mobileUITests.swift; sourceTree = "<group>"; };
		F5FB82B220A6100300606ECE /* Info.plist */ = {isa = PBXFileReference; lastKnownFileType = text.plist.xml; path = Info.plist; sourceTree = "<group>"; };
		FADD8ADBDBF41E1C88691F5D /* Pods_parqueape_mobile.framework */ = {isa = PBXFileReference; explicitFileType = wrapper.framework; includeInIndex = 0; path = Pods_parqueape_mobile.framework; sourceTree = BUILT_PRODUCTS_DIR; };
/* End PBXFileReference section */

/* Begin PBXFrameworksBuildPhase section */
		F5FB828A20A6100200606ECE /* Frameworks */ = {
			isa = PBXFrameworksBuildPhase;
			buildActionMask = 2147483647;
			files = (
				F563A45420A61C0B0034C03F /* MapKit.framework in Frameworks */,
				57FF5F9D8A8818E39D72480B /* Pods_parqueape_mobile.framework in Frameworks */,
			);
			runOnlyForDeploymentPostprocessing = 0;
		};
		F5FB829E20A6100300606ECE /* Frameworks */ = {
			isa = PBXFrameworksBuildPhase;
			buildActionMask = 2147483647;
			files = (
			);
			runOnlyForDeploymentPostprocessing = 0;
		};
		F5FB82A920A6100300606ECE /* Frameworks */ = {
			isa = PBXFrameworksBuildPhase;
			buildActionMask = 2147483647;
			files = (
			);
			runOnlyForDeploymentPostprocessing = 0;
		};
/* End PBXFrameworksBuildPhase section */

/* Begin PBXGroup section */
		EEB43FEA1A49591A4BF1BA09 /* Pods */ = {
			isa = PBXGroup;
			children = (
				8065F5A38A1DEA6D3F9F2FDB /* Pods-parqueape-mobile.debug.xcconfig */,
				932C6545737E5CC2D5499223 /* Pods-parqueape-mobile.release.xcconfig */,
			);
			name = Pods;
			sourceTree = "<group>";
		};
		F563A45220A61C0B0034C03F /* Frameworks */ = {
			isa = PBXGroup;
			children = (
				F563A45320A61C0B0034C03F /* MapKit.framework */,
				FADD8ADBDBF41E1C88691F5D /* Pods_parqueape_mobile.framework */,
			);
			name = Frameworks;
			sourceTree = "<group>";
		};
		F5FB828420A6100200606ECE = {
			isa = PBXGroup;
			children = (
				F581B78220AE05300018CCB2 /* PodFile */,
				F5FB828F20A6100200606ECE /* parqueape-mobile */,
				F5FB82A420A6100300606ECE /* parqueape-mobileTests */,
				F5FB82AF20A6100300606ECE /* parqueape-mobileUITests */,
				F5FB828E20A6100200606ECE /* Products */,
				F563A45220A61C0B0034C03F /* Frameworks */,
				EEB43FEA1A49591A4BF1BA09 /* Pods */,
			);
			sourceTree = "<group>";
		};
		F5FB828E20A6100200606ECE /* Products */ = {
			isa = PBXGroup;
			children = (
				F5FB828D20A6100200606ECE /* parqueape-mobile.app */,
				F5FB82A120A6100300606ECE /* parqueape-mobileTests.xctest */,
				F5FB82AC20A6100300606ECE /* parqueape-mobileUITests.xctest */,
			);
			name = Products;
			sourceTree = "<group>";
		};
		F5FB828F20A6100200606ECE /* parqueape-mobile */ = {
			isa = PBXGroup;
			children = (
				F59BECB520A7366600C4F006 /* ListParkingViewController.swift */,
				F5FB829020A6100200606ECE /* AppDelegate.swift */,
				F5FB829220A6100200606ECE /* ViewController.swift */,
				F5FB829420A6100200606ECE /* Main.storyboard */,
				F5FB829720A6100200606ECE /* Assets.xcassets */,
				F5FB829920A6100300606ECE /* LaunchScreen.storyboard */,
				F5FB829C20A6100300606ECE /* Info.plist */,
				F563A45520A61E280034C03F /* PinAnnotation.swift */,
				F59BECB920A7376E00C4F006 /* ParkingTableViewCell.swift */,
				F56CF91820A74C3100B6DFC2 /* CollectionViewCell.swift */,
				F581B78020AE045A0018CCB2 /* LoginViewController.swift */,
			);
			path = "parqueape-mobile";
			sourceTree = "<group>";
		};
		F5FB82A420A6100300606ECE /* parqueape-mobileTests */ = {
			isa = PBXGroup;
			children = (
				F5FB82A520A6100300606ECE /* parqueape_mobileTests.swift */,
				F5FB82A720A6100300606ECE /* Info.plist */,
			);
			path = "parqueape-mobileTests";
			sourceTree = "<group>";
		};
		F5FB82AF20A6100300606ECE /* parqueape-mobileUITests */ = {
			isa = PBXGroup;
			children = (
				F5FB82B020A6100300606ECE /* parqueape_mobileUITests.swift */,
				F5FB82B220A6100300606ECE /* Info.plist */,
			);
			path = "parqueape-mobileUITests";
			sourceTree = "<group>";
		};
/* End PBXGroup section */

/* Begin PBXNativeTarget section */
		F5FB828C20A6100200606ECE /* parqueape-mobile */ = {
			isa = PBXNativeTarget;
			buildConfigurationList = F5FB82B520A6100300606ECE /* Build configuration list for PBXNativeTarget "parqueape-mobile" */;
			buildPhases = (
				F3B8C59C4AB9C2BC62A4C2E7 /* [CP] Check Pods Manifest.lock */,
				F5FB828920A6100200606ECE /* Sources */,
				F5FB828A20A6100200606ECE /* Frameworks */,
				F5FB828B20A6100200606ECE /* Resources */,
				EA6B9B3A8E2FE78C76C792FB /* [CP] Embed Pods Frameworks */,
			);
			buildRules = (
			);
			dependencies = (
			);
			name = "parqueape-mobile";
			productName = "parqueape-mobile";
			productReference = F5FB828D20A6100200606ECE /* parqueape-mobile.app */;
			productType = "com.apple.product-type.application";
		};
		F5FB82A020A6100300606ECE /* parqueape-mobileTests */ = {
			isa = PBXNativeTarget;
			buildConfigurationList = F5FB82B820A6100300606ECE /* Build configuration list for PBXNativeTarget "parqueape-mobileTests" */;
			buildPhases = (
				F5FB829D20A6100300606ECE /* Sources */,
				F5FB829E20A6100300606ECE /* Frameworks */,
				F5FB829F20A6100300606ECE /* Resources */,
			);
			buildRules = (
			);
			dependencies = (
				F5FB82A320A6100300606ECE /* PBXTargetDependency */,
			);
			name = "parqueape-mobileTests";
			productName = "parqueape-mobileTests";
			productReference = F5FB82A120A6100300606ECE /* parqueape-mobileTests.xctest */;
			productType = "com.apple.product-type.bundle.unit-test";
		};
		F5FB82AB20A6100300606ECE /* parqueape-mobileUITests */ = {
			isa = PBXNativeTarget;
			buildConfigurationList = F5FB82BB20A6100300606ECE /* Build configuration list for PBXNativeTarget "parqueape-mobileUITests" */;
			buildPhases = (
				F5FB82A820A6100300606ECE /* Sources */,
				F5FB82A920A6100300606ECE /* Frameworks */,
				F5FB82AA20A6100300606ECE /* Resources */,
			);
			buildRules = (
			);
			dependencies = (
				F5FB82AE20A6100300606ECE /* PBXTargetDependency */,
			);
			name = "parqueape-mobileUITests";
			productName = "parqueape-mobileUITests";
			productReference = F5FB82AC20A6100300606ECE /* parqueape-mobileUITests.xctest */;
			productType = "com.apple.product-type.bundle.ui-testing";
		};
/* End PBXNativeTarget section */

/* Begin PBXProject section */
		F5FB828520A6100200606ECE /* Project object */ = {
			isa = PBXProject;
			attributes = {
				LastSwiftUpdateCheck = 0930;
				LastUpgradeCheck = 0930;
				ORGANIZATIONNAME = user140364;
				TargetAttributes = {
					F5FB828C20A6100200606ECE = {
						CreatedOnToolsVersion = 9.3;
						SystemCapabilities = {
							com.apple.Maps.iOS = {
								enabled = 1;
							};
						};
					};
					F5FB82A020A6100300606ECE = {
						CreatedOnToolsVersion = 9.3;
						TestTargetID = F5FB828C20A6100200606ECE;
					};
					F5FB82AB20A6100300606ECE = {
						CreatedOnToolsVersion = 9.3;
						TestTargetID = F5FB828C20A6100200606ECE;
					};
				};
			};
			buildConfigurationList = F5FB828820A6100200606ECE /* Build configuration list for PBXProject "parqueape-mobile" */;
			compatibilityVersion = "Xcode 9.3";
			developmentRegion = en;
			hasScannedForEncodings = 0;
			knownRegions = (
				en,
				Base,
			);
			mainGroup = F5FB828420A6100200606ECE;
			productRefGroup = F5FB828E20A6100200606ECE /* Products */;
			projectDirPath = "";
			projectRoot = "";
			targets = (
				F5FB828C20A6100200606ECE /* parqueape-mobile */,
				F5FB82A020A6100300606ECE /* parqueape-mobileTests */,
				F5FB82AB20A6100300606ECE /* parqueape-mobileUITests */,
			);
		};
/* End PBXProject section */

/* Begin PBXResourcesBuildPhase section */
		F5FB828B20A6100200606ECE /* Resources */ = {
			isa = PBXResourcesBuildPhase;
			buildActionMask = 2147483647;
			files = (
				F5FB829B20A6100300606ECE /* LaunchScreen.storyboard in Resources */,
				F5FB829820A6100200606ECE /* Assets.xcassets in Resources */,
				F581B78320AE05300018CCB2 /* PodFile in Resources */,
				F5FB829620A6100200606ECE /* Main.storyboard in Resources */,
			);
			runOnlyForDeploymentPostprocessing = 0;
		};
		F5FB829F20A6100300606ECE /* Resources */ = {
			isa = PBXResourcesBuildPhase;
			buildActionMask = 2147483647;
			files = (
			);
			runOnlyForDeploymentPostprocessing = 0;
		};
		F5FB82AA20A6100300606ECE /* Resources */ = {
			isa = PBXResourcesBuildPhase;
			buildActionMask = 2147483647;
			files = (
			);
			runOnlyForDeploymentPostprocessing = 0;
		};
/* End PBXResourcesBuildPhase section */

/* Begin PBXShellScriptBuildPhase section */
		EA6B9B3A8E2FE78C76C792FB /* [CP] Embed Pods Frameworks */ = {
			isa = PBXShellScriptBuildPhase;
			buildActionMask = 2147483647;
			files = (
			);
			inputPaths = (
				"${SRCROOT}/Pods/Target Support Files/Pods-parqueape-mobile/Pods-parqueape-mobile-frameworks.sh",
				"${BUILT_PRODUCTS_DIR}/Bolts/Bolts.framework",
				"${BUILT_PRODUCTS_DIR}/FBSDKCoreKit/FBSDKCoreKit.framework",
				"${BUILT_PRODUCTS_DIR}/FBSDKLoginKit/FBSDKLoginKit.framework",
				"${BUILT_PRODUCTS_DIR}/FacebookCore/FacebookCore.framework",
				"${BUILT_PRODUCTS_DIR}/FacebookLogin/FacebookLogin.framework",
			);
			name = "[CP] Embed Pods Frameworks";
			outputPaths = (
				"${TARGET_BUILD_DIR}/${FRAMEWORKS_FOLDER_PATH}/Bolts.framework",
				"${TARGET_BUILD_DIR}/${FRAMEWORKS_FOLDER_PATH}/FBSDKCoreKit.framework",
				"${TARGET_BUILD_DIR}/${FRAMEWORKS_FOLDER_PATH}/FBSDKLoginKit.framework",
				"${TARGET_BUILD_DIR}/${FRAMEWORKS_FOLDER_PATH}/FacebookCore.framework",
				"${TARGET_BUILD_DIR}/${FRAMEWORKS_FOLDER_PATH}/FacebookLogin.framework",
			);
			runOnlyForDeploymentPostprocessing = 0;
			shellPath = /bin/sh;
			shellScript = "\"${SRCROOT}/Pods/Target Support Files/Pods-parqueape-mobile/Pods-parqueape-mobile-frameworks.sh\"\n";
			showEnvVarsInLog = 0;
		};
		F3B8C59C4AB9C2BC62A4C2E7 /* [CP] Check Pods Manifest.lock */ = {
			isa = PBXShellScriptBuildPhase;
			buildActionMask = 2147483647;
			files = (
			);
			inputPaths = (
				"${PODS_PODFILE_DIR_PATH}/Podfile.lock",
				"${PODS_ROOT}/Manifest.lock",
			);
			name = "[CP] Check Pods Manifest.lock";
			outputPaths = (
				"$(DERIVED_FILE_DIR)/Pods-parqueape-mobile-checkManifestLockResult.txt",
			);
			runOnlyForDeploymentPostprocessing = 0;
			shellPath = /bin/sh;
			shellScript = "diff \"${PODS_PODFILE_DIR_PATH}/Podfile.lock\" \"${PODS_ROOT}/Manifest.lock\" > /dev/null\nif [ $? != 0 ] ; then\n    # print error to STDERR\n    echo \"error: The sandbox is not in sync with the Podfile.lock. Run 'pod install' or update your CocoaPods installation.\" >&2\n    exit 1\nfi\n# This output is used by Xcode 'outputs' to avoid re-running this script phase.\necho \"SUCCESS\" > \"${SCRIPT_OUTPUT_FILE_0}\"\n";
			showEnvVarsInLog = 0;
		};
/* End PBXShellScriptBuildPhase section */

/* Begin PBXSourcesBuildPhase section */
		F5FB828920A6100200606ECE /* Sources */ = {
			isa = PBXSourcesBuildPhase;
			buildActionMask = 2147483647;
			files = (
				F581B78120AE045A0018CCB2 /* LoginViewController.swift in Sources */,
				F5FB829320A6100200606ECE /* ViewController.swift in Sources */,
				F59BECBA20A7376E00C4F006 /* ParkingTableViewCell.swift in Sources */,
				F56CF91920A74C3100B6DFC2 /* CollectionViewCell.swift in Sources */,
				F59BECB620A7366600C4F006 /* ListParkingViewController.swift in Sources */,
				F563A45620A61E280034C03F /* PinAnnotation.swift in Sources */,
				F5FB829120A6100200606ECE /* AppDelegate.swift in Sources */,
			);
			runOnlyForDeploymentPostprocessing = 0;
		};
		F5FB829D20A6100300606ECE /* Sources */ = {
			isa = PBXSourcesBuildPhase;
			buildActionMask = 2147483647;
			files = (
				F5FB82A620A6100300606ECE /* parqueape_mobileTests.swift in Sources */,
			);
			runOnlyForDeploymentPostprocessing = 0;
		};
		F5FB82A820A6100300606ECE /* Sources */ = {
			isa = PBXSourcesBuildPhase;
			buildActionMask = 2147483647;
			files = (
				F5FB82B120A6100300606ECE /* parqueape_mobileUITests.swift in Sources */,
			);
			runOnlyForDeploymentPostprocessing = 0;
		};
/* End PBXSourcesBuildPhase section */

/* Begin PBXTargetDependency section */
		F5FB82A320A6100300606ECE /* PBXTargetDependency */ = {
			isa = PBXTargetDependency;
			target = F5FB828C20A6100200606ECE /* parqueape-mobile */;
			targetProxy = F5FB82A220A6100300606ECE /* PBXContainerItemProxy */;
		};
		F5FB82AE20A6100300606ECE /* PBXTargetDependency */ = {
			isa = PBXTargetDependency;
			target = F5FB828C20A6100200606ECE /* parqueape-mobile */;
			targetProxy = F5FB82AD20A6100300606ECE /* PBXContainerItemProxy */;
		};
/* End PBXTargetDependency section */

/* Begin PBXVariantGroup section */
		F5FB829420A6100200606ECE /* Main.storyboard */ = {
			isa = PBXVariantGroup;
			children = (
				F5FB829520A6100200606ECE /* Base */,
			);
			name = Main.storyboard;
			sourceTree = "<group>";
		};
		F5FB829920A6100300606ECE /* LaunchScreen.storyboard */ = {
			isa = PBXVariantGroup;
			children = (
				F5FB829A20A6100300606ECE /* Base */,
			);
			name = LaunchScreen.storyboard;
			sourceTree = "<group>";
		};
/* End PBXVariantGroup section */

/* Begin XCBuildConfiguration section */
		F5FB82B320A6100300606ECE /* Debug */ = {
			isa = XCBuildConfiguration;
			buildSettings = {
				ALWAYS_SEARCH_USER_PATHS = NO;
				CLANG_ANALYZER_NONNULL = YES;
				CLANG_ANALYZER_NUMBER_OBJECT_CONVERSION = YES_AGGRESSIVE;
				CLANG_CXX_LANGUAGE_STANDARD = "gnu++14";
				CLANG_CXX_LIBRARY = "libc++";
				CLANG_ENABLE_MODULES = YES;
				CLANG_ENABLE_OBJC_ARC = YES;
				CLANG_ENABLE_OBJC_WEAK = YES;
				CLANG_WARN_BLOCK_CAPTURE_AUTORELEASING = YES;
				CLANG_WARN_BOOL_CONVERSION = YES;
				CLANG_WARN_COMMA = YES;
				CLANG_WARN_CONSTANT_CONVERSION = YES;
				CLANG_WARN_DEPRECATED_OBJC_IMPLEMENTATIONS = YES;
				CLANG_WARN_DIRECT_OBJC_ISA_USAGE = YES_ERROR;
				CLANG_WARN_DOCUMENTATION_COMMENTS = YES;
				CLANG_WARN_EMPTY_BODY = YES;
				CLANG_WARN_ENUM_CONVERSION = YES;
				CLANG_WARN_INFINITE_RECURSION = YES;
				CLANG_WARN_INT_CONVERSION = YES;
				CLANG_WARN_NON_LITERAL_NULL_CONVERSION = YES;
				CLANG_WARN_OBJC_IMPLICIT_RETAIN_SELF = YES;
				CLANG_WARN_OBJC_LITERAL_CONVERSION = YES;
				CLANG_WARN_OBJC_ROOT_CLASS = YES_ERROR;
				CLANG_WARN_RANGE_LOOP_ANALYSIS = YES;
				CLANG_WARN_STRICT_PROTOTYPES = YES;
				CLANG_WARN_SUSPICIOUS_MOVE = YES;
				CLANG_WARN_UNGUARDED_AVAILABILITY = YES_AGGRESSIVE;
				CLANG_WARN_UNREACHABLE_CODE = YES;
				CLANG_WARN__DUPLICATE_METHOD_MATCH = YES;
				CODE_SIGN_IDENTITY = "iPhone Developer";
				COPY_PHASE_STRIP = NO;
				DEBUG_INFORMATION_FORMAT = dwarf;
				ENABLE_STRICT_OBJC_MSGSEND = YES;
				ENABLE_TESTABILITY = YES;
				GCC_C_LANGUAGE_STANDARD = gnu11;
				GCC_DYNAMIC_NO_PIC = NO;
				GCC_NO_COMMON_BLOCKS = YES;
				GCC_OPTIMIZATION_LEVEL = 0;
				GCC_PREPROCESSOR_DEFINITIONS = (
					"DEBUG=1",
					"$(inherited)",
				);
				GCC_WARN_64_TO_32_BIT_CONVERSION = YES;
				GCC_WARN_ABOUT_RETURN_TYPE = YES_ERROR;
				GCC_WARN_UNDECLARED_SELECTOR = YES;
				GCC_WARN_UNINITIALIZED_AUTOS = YES_AGGRESSIVE;
				GCC_WARN_UNUSED_FUNCTION = YES;
				GCC_WARN_UNUSED_VARIABLE = YES;
				IPHONEOS_DEPLOYMENT_TARGET = 11.3;
				MTL_ENABLE_DEBUG_INFO = YES;
				ONLY_ACTIVE_ARCH = YES;
				SDKROOT = iphoneos;
				SWIFT_ACTIVE_COMPILATION_CONDITIONS = DEBUG;
				SWIFT_OPTIMIZATION_LEVEL = "-Onone";
			};
			name = Debug;
		};
		F5FB82B420A6100300606ECE /* Release */ = {
			isa = XCBuildConfiguration;
			buildSettings = {
				ALWAYS_SEARCH_USER_PATHS = NO;
				CLANG_ANALYZER_NONNULL = YES;
				CLANG_ANALYZER_NUMBER_OBJECT_CONVERSION = YES_AGGRESSIVE;
				CLANG_CXX_LANGUAGE_STANDARD = "gnu++14";
				CLANG_CXX_LIBRARY = "libc++";
				CLANG_ENABLE_MODULES = YES;
				CLANG_ENABLE_OBJC_ARC = YES;
				CLANG_ENABLE_OBJC_WEAK = YES;
				CLANG_WARN_BLOCK_CAPTURE_AUTORELEASING = YES;
				CLANG_WARN_BOOL_CONVERSION = YES;
				CLANG_WARN_COMMA = YES;
				CLANG_WARN_CONSTANT_CONVERSION = YES;
				CLANG_WARN_DEPRECATED_OBJC_IMPLEMENTATIONS = YES;
				CLANG_WARN_DIRECT_OBJC_ISA_USAGE = YES_ERROR;
				CLANG_WARN_DOCUMENTATION_COMMENTS = YES;
				CLANG_WARN_EMPTY_BODY = YES;
				CLANG_WARN_ENUM_CONVERSION = YES;
				CLANG_WARN_INFINITE_RECURSION = YES;
				CLANG_WARN_INT_CONVERSION = YES;
				CLANG_WARN_NON_LITERAL_NULL_CONVERSION = YES;
				CLANG_WARN_OBJC_IMPLICIT_RETAIN_SELF = YES;
				CLANG_WARN_OBJC_LITERAL_CONVERSION = YES;
				CLANG_WARN_OBJC_ROOT_CLASS = YES_ERROR;
				CLANG_WARN_RANGE_LOOP_ANALYSIS = YES;
				CLANG_WARN_STRICT_PROTOTYPES = YES;
				CLANG_WARN_SUSPICIOUS_MOVE = YES;
				CLANG_WARN_UNGUARDED_AVAILABILITY = YES_AGGRESSIVE;
				CLANG_WARN_UNREACHABLE_CODE = YES;
				CLANG_WARN__DUPLICATE_METHOD_MATCH = YES;
				CODE_SIGN_IDENTITY = "iPhone Developer";
				COPY_PHASE_STRIP = NO;
				DEBUG_INFORMATION_FORMAT = "dwarf-with-dsym";
				ENABLE_NS_ASSERTIONS = NO;
				ENABLE_STRICT_OBJC_MSGSEND = YES;
				GCC_C_LANGUAGE_STANDARD = gnu11;
				GCC_NO_COMMON_BLOCKS = YES;
				GCC_WARN_64_TO_32_BIT_CONVERSION = YES;
				GCC_WARN_ABOUT_RETURN_TYPE = YES_ERROR;
				GCC_WARN_UNDECLARED_SELECTOR = YES;
				GCC_WARN_UNINITIALIZED_AUTOS = YES_AGGRESSIVE;
				GCC_WARN_UNUSED_FUNCTION = YES;
				GCC_WARN_UNUSED_VARIABLE = YES;
				IPHONEOS_DEPLOYMENT_TARGET = 11.3;
				MTL_ENABLE_DEBUG_INFO = NO;
				SDKROOT = iphoneos;
				SWIFT_COMPILATION_MODE = wholemodule;
				SWIFT_OPTIMIZATION_LEVEL = "-O";
				VALIDATE_PRODUCT = YES;
			};
			name = Release;
		};
		F5FB82B620A6100300606ECE /* Debug */ = {
			isa = XCBuildConfiguration;
			baseConfigurationReference = 8065F5A38A1DEA6D3F9F2FDB /* Pods-parqueape-mobile.debug.xcconfig */;
			buildSettings = {
				ASSETCATALOG_COMPILER_APPICON_NAME = AppIcon;
				CODE_SIGN_STYLE = Automatic;
				INFOPLIST_FILE = "parqueape-mobile/Info.plist";
				LD_RUNPATH_SEARCH_PATHS = (
					"$(inherited)",
					"@executable_path/Frameworks",
				);
				PRODUCT_BUNDLE_IDENTIFIER = "com.cibertec.parqueape-mobile";
				PRODUCT_NAME = "$(TARGET_NAME)";
				SWIFT_VERSION = 4.0;
				TARGETED_DEVICE_FAMILY = "1,2";
			};
			name = Debug;
		};
		F5FB82B720A6100300606ECE /* Release */ = {
			isa = XCBuildConfiguration;
			baseConfigurationReference = 932C6545737E5CC2D5499223 /* Pods-parqueape-mobile.release.xcconfig */;
			buildSettings = {
				ASSETCATALOG_COMPILER_APPICON_NAME = AppIcon;
				CODE_SIGN_STYLE = Automatic;
				INFOPLIST_FILE = "parqueape-mobile/Info.plist";
				LD_RUNPATH_SEARCH_PATHS = (
					"$(inherited)",
					"@executable_path/Frameworks",
				);
				PRODUCT_BUNDLE_IDENTIFIER = "com.cibertec.parqueape-mobile";
				PRODUCT_NAME = "$(TARGET_NAME)";
				SWIFT_VERSION = 4.0;
				TARGETED_DEVICE_FAMILY = "1,2";
			};
			name = Release;
		};
		F5FB82B920A6100300606ECE /* Debug */ = {
			isa = XCBuildConfiguration;
			buildSettings = {
				ALWAYS_EMBED_SWIFT_STANDARD_LIBRARIES = YES;
				BUNDLE_LOADER = "$(TEST_HOST)";
				CODE_SIGN_STYLE = Automatic;
				INFOPLIST_FILE = "parqueape-mobileTests/Info.plist";
				LD_RUNPATH_SEARCH_PATHS = (
					"$(inherited)",
					"@executable_path/Frameworks",
					"@loader_path/Frameworks",
				);
				PRODUCT_BUNDLE_IDENTIFIER = "com.cibertec.parqueape-mobileTests";
				PRODUCT_NAME = "$(TARGET_NAME)";
				SWIFT_VERSION = 4.0;
				TARGETED_DEVICE_FAMILY = "1,2";
				TEST_HOST = "$(BUILT_PRODUCTS_DIR)/parqueape-mobile.app/parqueape-mobile";
			};
			name = Debug;
		};
		F5FB82BA20A6100300606ECE /* Release */ = {
			isa = XCBuildConfiguration;
			buildSettings = {
				ALWAYS_EMBED_SWIFT_STANDARD_LIBRARIES = YES;
				BUNDLE_LOADER = "$(TEST_HOST)";
				CODE_SIGN_STYLE = Automatic;
				INFOPLIST_FILE = "parqueape-mobileTests/Info.plist";
				LD_RUNPATH_SEARCH_PATHS = (
					"$(inherited)",
					"@executable_path/Frameworks",
					"@loader_path/Frameworks",
				);
				PRODUCT_BUNDLE_IDENTIFIER = "com.cibertec.parqueape-mobileTests";
				PRODUCT_NAME = "$(TARGET_NAME)";
				SWIFT_VERSION = 4.0;
				TARGETED_DEVICE_FAMILY = "1,2";
				TEST_HOST = "$(BUILT_PRODUCTS_DIR)/parqueape-mobile.app/parqueape-mobile";
			};
			name = Release;
		};
		F5FB82BC20A6100300606ECE /* Debug */ = {
			isa = XCBuildConfiguration;
			buildSettings = {
				ALWAYS_EMBED_SWIFT_STANDARD_LIBRARIES = YES;
				CODE_SIGN_STYLE = Automatic;
				INFOPLIST_FILE = "parqueape-mobileUITests/Info.plist";
				LD_RUNPATH_SEARCH_PATHS = (
					"$(inherited)",
					"@executable_path/Frameworks",
					"@loader_path/Frameworks",
				);
				PRODUCT_BUNDLE_IDENTIFIER = "com.cibertec.parqueape-mobileUITests";
				PRODUCT_NAME = "$(TARGET_NAME)";
				SWIFT_VERSION = 4.0;
				TARGETED_DEVICE_FAMILY = "1,2";
				TEST_TARGET_NAME = "parqueape-mobile";
			};
			name = Debug;
		};
		F5FB82BD20A6100300606ECE /* Release */ = {
			isa = XCBuildConfiguration;
			buildSettings = {
				ALWAYS_EMBED_SWIFT_STANDARD_LIBRARIES = YES;
				CODE_SIGN_STYLE = Automatic;
				INFOPLIST_FILE = "parqueape-mobileUITests/Info.plist";
				LD_RUNPATH_SEARCH_PATHS = (
					"$(inherited)",
					"@executable_path/Frameworks",
					"@loader_path/Frameworks",
				);
				PRODUCT_BUNDLE_IDENTIFIER = "com.cibertec.parqueape-mobileUITests";
				PRODUCT_NAME = "$(TARGET_NAME)";
				SWIFT_VERSION = 4.0;
				TARGETED_DEVICE_FAMILY = "1,2";
				TEST_TARGET_NAME = "parqueape-mobile";
			};
			name = Release;
		};
/* End XCBuildConfiguration section */

/* Begin XCConfigurationList section */
		F5FB828820A6100200606ECE /* Build configuration list for PBXProject "parqueape-mobile" */ = {
			isa = XCConfigurationList;
			buildConfigurations = (
				F5FB82B320A6100300606ECE /* Debug */,
				F5FB82B420A6100300606ECE /* Release */,
			);
			defaultConfigurationIsVisible = 0;
			defaultConfigurationName = Release;
		};
		F5FB82B520A6100300606ECE /* Build configuration list for PBXNativeTarget "parqueape-mobile" */ = {
			isa = XCConfigurationList;
			buildConfigurations = (
				F5FB82B620A6100300606ECE /* Debug */,
				F5FB82B720A6100300606ECE /* Release */,
			);
			defaultConfigurationIsVisible = 0;
			defaultConfigurationName = Release;
		};
		F5FB82B820A6100300606ECE /* Build configuration list for PBXNativeTarget "parqueape-mobileTests" */ = {
			isa = XCConfigurationList;
			buildConfigurations = (
				F5FB82B920A6100300606ECE /* Debug */,
				F5FB82BA20A6100300606ECE /* Release */,
			);
			defaultConfigurationIsVisible = 0;
			defaultConfigurationName = Release;
		};
		F5FB82BB20A6100300606ECE /* Build configuration list for PBXNativeTarget "parqueape-mobileUITests" */ = {
			isa = XCConfigurationList;
			buildConfigurations = (
				F5FB82BC20A6100300606ECE /* Debug */,
				F5FB82BD20A6100300606ECE /* Release */,
			);
			defaultConfigurationIsVisible = 0;
			defaultConfigurationName = Release;
		};
/* End XCConfigurationList section */
	};
	rootObject = F5FB828520A6100200606ECE /* Project object */;
}
